<?xml version="1.0" encoding="utf-8"?>
<Project ToolsVersion="4.0" xmlns="http://schemas.microsoft.com/developer/msbuild/2003">
  <ItemGroup>
    <Filter Include="ソース ファイル">
      <UniqueIdentifier>{4FC737F1-C7A5-4376-A066-2A32D752A2FF}</UniqueIdentifier>
      <Extensions>cpp;c;cc;cxx;c++;cppm;ixx;def;odl;idl;hpj;bat;asm;asmx</Extensions>
    </Filter>
    <Filter Include="リソース ファイル">
      <UniqueIdentifier>{67DA6AB6-F800-4c08-8B7A-83BB121AAD01}</UniqueIdentifier>
      <Extensions>rc;ico;cur;bmp;dlg;rc2;rct;bin;rgs;gif;jpg;jpeg;jpe;resx;tiff;tif;png;wav;mfcribbon-ms</Extensions>
    </Filter>
    <Filter Include="ソース ファイル\Scene">
      <UniqueIdentifier>{d0b21726-941d-4ecf-9581-8b7d6055a558}</UniqueIdentifier>
    </Filter>
    <Filter Include="ソース ファイル\UI">
      <UniqueIdentifier>{f9944d7b-f2c9-453b-b4ac-5fc34b8acf98}</UniqueIdentifier>
    </Filter>
    <Filter Include="ソース ファイル\Score">
      <UniqueIdentifier>{9b9f6df1-ab75-4e65-b67a-8b8aa40d9b3c}</UniqueIdentifier>
    </Filter>
    <Filter Include="ソース ファイル\Background">
      <UniqueIdentifier>{cbf74655-c0c9-4c15-87dc-1f2fe30c0406}</UniqueIdentifier>
    </Filter>
    <Filter Include="ソース ファイル\UI\Distance">
      <UniqueIdentifier>{f1084078-4fac-4a52-94d1-dffb110b7587}</UniqueIdentifier>
    </Filter>
    <Filter Include="ソース ファイル\UI\Heart">
      <UniqueIdentifier>{06ca0a51-4fb0-4630-bba7-f0cf98b53b0a}</UniqueIdentifier>
    </Filter>
    <Filter Include="ソース ファイル\UI\Speedmeter">
      <UniqueIdentifier>{d364bc64-1d71-4f75-87fb-7884bcaf7ac5}</UniqueIdentifier>
    </Filter>
    <Filter Include="ソース ファイル\Enemy">
      <UniqueIdentifier>{8301416d-6189-49a0-8e8c-20d34084dbbc}</UniqueIdentifier>
    </Filter>
    <Filter Include="ソース ファイル\Player">
      <UniqueIdentifier>{c22d3d9f-c05b-44d3-8097-ef63fadeded9}</UniqueIdentifier>
    </Filter>
    <Filter Include="ソース ファイル\UI\Countdown">
      <UniqueIdentifier>{97f8cac9-030f-47c4-b0db-74837aa1c695}</UniqueIdentifier>
    </Filter>
  </ItemGroup>
  <ItemGroup>
    <ClCompile Include="main.cpp">
      <Filter>ソース ファイル</Filter>
    </ClCompile>
    <ClCompile Include="SceneBase.cpp">
      <Filter>ソース ファイル\Scene</Filter>
    </ClCompile>
    <ClCompile Include="TitleScene.cpp">
      <Filter>ソース ファイル\Scene</Filter>
    </ClCompile>
    <ClCompile Include="PlayScene.cpp">
      <Filter>ソース ファイル\Scene</Filter>
    </ClCompile>
    <ClCompile Include="ResultScene.cpp">
      <Filter>ソース ファイル\Scene</Filter>
    </ClCompile>
    <ClCompile Include="UIBase.cpp">
      <Filter>ソース ファイル\UI</Filter>
    </ClCompile>
    <ClCompile Include="UIManager.cpp">
      <Filter>ソース ファイル\UI</Filter>
    </ClCompile>
    <ClCompile Include="Score.cpp">
      <Filter>ソース ファイル\Score</Filter>
    </ClCompile>
    <ClCompile Include="Background.cpp">
      <Filter>ソース ファイル\Background</Filter>
    </ClCompile>
    <ClCompile Include="Distance.cpp">
      <Filter>ソース ファイル\UI\Distance</Filter>
    </ClCompile>
    <ClCompile Include="Heart.cpp">
      <Filter>ソース ファイル\UI\Heart</Filter>
    </ClCompile>
    <ClCompile Include="Speedometer.cpp">
      <Filter>ソース ファイル\UI\Speedmeter</Filter>
    </ClCompile>
    <ClCompile Include="Enemy.cpp">
      <Filter>ソース ファイル\Enemy</Filter>
    </ClCompile>
    <ClCompile Include="Player.cpp">
      <Filter>ソース ファイル\Player</Filter>
    </ClCompile>
    <ClCompile Include="Countdown.cpp">
      <Filter>ソース ファイル\UI\Countdown</Filter>
    </ClCompile>
    <ClCompile Include="LoadScene.cpp">
      <Filter>ソース ファイル\Scene</Filter>
    </ClCompile>
  </ItemGroup>
  <ItemGroup>
    <ClInclude Include="SceneBase.h">
      <Filter>ソース ファイル\Scene</Filter>
    </ClInclude>
    <ClInclude Include="TitleScene.h">
      <Filter>ソース ファイル\Scene</Filter>
    </ClInclude>
    <ClInclude Include="PlayScene.h">
      <Filter>ソース ファイル\Scene</Filter>
    </ClInclude>
    <ClInclude Include="ResultScene.h">
      <Filter>ソース ファイル\Scene</Filter>
    </ClInclude>
    <ClInclude Include="UIBase.h">
      <Filter>ソース ファイル\UI</Filter>
    </ClInclude>
    <ClInclude Include="UIManager.h">
      <Filter>ソース ファイル\UI</Filter>
    </ClInclude>
    <ClInclude Include="Score.h">
      <Filter>ソース ファイル\Score</Filter>
    </ClInclude>
    <ClInclude Include="Background.h">
      <Filter>ソース ファイル\Background</Filter>
    </ClInclude>
    <ClInclude Include="Distance.h">
      <Filter>ソース ファイル\UI\Distance</Filter>
    </ClInclude>
    <ClInclude Include="Heart.h">
      <Filter>ソース ファイル\UI\Heart</Filter>
    </ClInclude>
    <ClInclude Include="Speedometer.h">
      <Filter>ソース ファイル\UI\Speedmeter</Filter>
    </ClInclude>
    <ClInclude Include="Enemy.h">
      <Filter>ソース ファイル\Enemy</Filter>
    </ClInclude>
    <ClInclude Include="Player.h">
      <Filter>ソース ファイル\Player</Filter>
    </ClInclude>
    <ClInclude Include="Countdown.h">
      <Filter>ソース ファイル\UI\Countdown</Filter>
    </ClInclude>
    <ClInclude Include="LoadScene.h">
      <Filter>ソース ファイル\Scene</Filter>
    </ClInclude>
  </ItemGroup>
</Project>